{
  "name": "exercise-5",
  "version": "1.0.0",
  "lockfileVersion": 2,
  "requires": true,
  "packages": {
    "": {
      "name": "exercise-5",
      "version": "1.0.0",
      "license": "ISC",
      "dependencies": {
        "superstruct": "^0.16.0"
      },
      "devDependencies": {
        "@types/fhir": "^0.0.35",
        "typescript": "^4.7.3"
      }
    },
    "node_modules/@types/fhir": {
      "version": "0.0.35",
      "resolved": "https://registry.npmjs.org/@types/fhir/-/fhir-0.0.35.tgz",
      "integrity": "sha512-y+VI3Y48xzZBM8AjXPq67EWbiY9VN4Cx5KzN8EplS0Zju8D2KahLXoK6P/PWlKyNTKvJBwemkHzJIocczLRkhQ==",
      "dev": true
    },
    "node_modules/superstruct": {
      "version": "0.16.0",
      "resolved": "https://registry.npmjs.org/superstruct/-/superstruct-0.16.0.tgz",
      "integrity": "sha512-IDQtwnnlaan1NhuHqyD/U11lROYvCQ79JyfwlFU9xEVHzqV/Ys/RrwmHPCG0CVH/1g0BuodEjH1msxK2UHxehA=="
    },
    "node_modules/typescript": {
      "version": "4.7.3",
      "resolved": "https://registry.npmjs.org/typescript/-/typescript-4.7.3.tgz",
      "integrity": "sha512-WOkT3XYvrpXx4vMMqlD+8R8R37fZkjyLGlxavMc4iB8lrl8L0DeTcHbYgw/v0N/z9wAFsgBhcsF0ruoySS22mA==",
      "dev": true,
      "bin": {
        "tsc": "bin/tsc",
        "tsserver": "bin/tsserver"
      },
      "engines": {
        "node": ">=4.2.0"
      }
    }
  },
  "dependencies": {
    "@types/fhir": {
      "version": "0.0.35",
      "resolved": "https://registry.npmjs.org/@types/fhir/-/fhir-0.0.35.tgz",
      "integrity": "sha512-y+VI3Y48xzZBM8AjXPq67EWbiY9VN4Cx5KzN8EplS0Zju8D2KahLXoK6P/PWlKyNTKvJBwemkHzJIocczLRkhQ==",
      "dev": true
    },
    "superstruct": {
      "version": "0.16.0",
      "resolved": "https://registry.npmjs.org/superstruct/-/superstruct-0.16.0.tgz",
      "integrity": "sha512-IDQtwnnlaan1NhuHqyD/U11lROYvCQ79JyfwlFU9xEVHzqV/Ys/RrwmHPCG0CVH/1g0BuodEjH1msxK2UHxehA=="
    },
    "typescript": {
      "version": "4.7.3",
      "resolved": "https://registry.npmjs.org/typescript/-/typescript-4.7.3.tgz",
      "integrity": "sha512-WOkT3XYvrpXx4vMMqlD+8R8R37fZkjyLGlxavMc4iB8lrl8L0DeTcHbYgw/v0N/z9wAFsgBhcsF0ruoySS22mA==",
      "dev": true
    }
  }
}
