{
  "name": "exercise-4",
  "version": "1.0.0",
  "lockfileVersion": 2,
  "requires": true,
  "packages": {
    "": {
      "name": "exercise-4",
      "version": "1.0.0",
      "license": "ISC",
      "devDependencies": {
        "@types/fhir": "^0.0.35"
      }
    },
    "node_modules/@types/fhir": {
      "version": "0.0.35",
      "resolved": "https://registry.npmjs.org/@types/fhir/-/fhir-0.0.35.tgz",
      "integrity": "sha512-y+VI3Y48xzZBM8AjXPq67EWbiY9VN4Cx5KzN8EplS0Zju8D2KahLXoK6P/PWlKyNTKvJBwemkHzJIocczLRkhQ==",
      "dev": true
    }
  },
  "dependencies": {
    "@types/fhir": {
      "version": "0.0.35",
      "resolved": "https://registry.npmjs.org/@types/fhir/-/fhir-0.0.35.tgz",
      "integrity": "sha512-y+VI3Y48xzZBM8AjXPq67EWbiY9VN4Cx5KzN8EplS0Zju8D2KahLXoK6P/PWlKyNTKvJBwemkHzJIocczLRkhQ==",
      "dev": true
    }
  }
}
